{
  "originHash" : "1b5610767a414112e6eb70bbfdd1caa7442689c02c5a4d940e5ea26c6a6525d9",
  "pins" : [
    {
      "identity" : "sparkle",
      "kind" : "remoteSourceControl",
      "location" : "https://github.com/sparkle-project/Sparkle",
      "state" : {
        "revision" : "21d8df80440b1ca3b65fa82e40782f1e5a9e6ba2",
        "version" : "2.9.0"
      }
    },
    {
      "identity" : "valet",
      "kind" : "remoteSourceControl",
      "location" : "https://github.com/square/Valet",
      "state" : {
        "revision" : "246baf6be3f9e3ff116dc05251a08f69dd7c7b9d",
        "version" : "5.1.0"
      }
    }
  ],
  "version" : 3
}
